
Microsoft Visual Studio Solution File, Format Version 12.00
# Visual Studio 15
VisualStudioVersion = 15.0.28307.539
MinimumVisualStudioVersion = 10.0.40219.1
Project("{9A19103F-16F7-4668-BE54-9A1E7A4F7556}") = "WGCore", "WGCore\WGCore.csproj", "{6577C355-43B9-463A-89AE-04D5B6DF7217}"
EndProject
Project("{9A19103F-16F7-4668-BE54-9A1E7A4F7556}") = "Model", "Model\Model.csproj", "{C559C7F1-B1D1-443C-996B-099ECE05ACC1}"
EndProject
Project("{9A19103F-16F7-4668-BE54-9A1E7A4F7556}") = "DAL", "DAL\DAL.csproj", "{DE646148-3548-4AD6-9E7C-F5AA885B914F}"
EndProject
Project("{9A19103F-16F7-4668-BE54-9A1E7A4F7556}") = "BLL", "BLL\BLL.csproj", "{F2D00A13-5555-484B-855E-F6FCB99C9C81}"
EndProject
Project("{9A19103F-16F7-4668-BE54-9A1E7A4F7556}") = "Test2", "Test2\Test2.csproj", "{2B4E3975-F769-4AD2-8E23-B2ABB447EED7}"
EndProject
Project("{9A19103F-16F7-4668-BE54-9A1E7A4F7556}") = "EFMYSQL", "EFMYSQL\EFMYSQL.csproj", "{70BDA7CB-6980-472C-A898-CC8995B009A4}"
EndProject
Project("{FAE04EC0-301F-11D3-BF4B-00C04F79EFBC}") = "Test3", "Test3\Test3.csproj", "{AD909C34-82A2-4046-8363-1A898A5473B7}"
EndProject
Global
	GlobalSection(SolutionConfigurationPlatforms) = preSolution
		Debug|Any CPU = Debug|Any CPU
		Release|Any CPU = Release|Any CPU
	EndGlobalSection
	GlobalSection(ProjectConfigurationPlatforms) = postSolution
		{6577C355-43B9-463A-89AE-04D5B6DF7217}.Debug|Any CPU.ActiveCfg = Debug|Any CPU
		{6577C355-43B9-463A-89AE-04D5B6DF7217}.Debug|Any CPU.Build.0 = Debug|Any CPU
		{6577C355-43B9-463A-89AE-04D5B6DF7217}.Release|Any CPU.ActiveCfg = Release|Any CPU
		{6577C355-43B9-463A-89AE-04D5B6DF7217}.Release|Any CPU.Build.0 = Release|Any CPU
		{C559C7F1-B1D1-443C-996B-099ECE05ACC1}.Debug|Any CPU.ActiveCfg = Debug|Any CPU
		{C559C7F1-B1D1-443C-996B-099ECE05ACC1}.Debug|Any CPU.Build.0 = Debug|Any CPU
		{C559C7F1-B1D1-443C-996B-099ECE05ACC1}.Release|Any CPU.ActiveCfg = Release|Any CPU
		{C559C7F1-B1D1-443C-996B-099ECE05ACC1}.Release|Any CPU.Build.0 = Release|Any CPU
		{DE646148-3548-4AD6-9E7C-F5AA885B914F}.Debug|Any CPU.ActiveCfg = Debug|Any CPU
		{DE646148-3548-4AD6-9E7C-F5AA885B914F}.Debug|Any CPU.Build.0 = Debug|Any CPU
		{DE646148-3548-4AD6-9E7C-F5AA885B914F}.Release|Any CPU.ActiveCfg = Release|Any CPU
		{DE646148-3548-4AD6-9E7C-F5AA885B914F}.Release|Any CPU.Build.0 = Release|Any CPU
		{F2D00A13-5555-484B-855E-F6FCB99C9C81}.Debug|Any CPU.ActiveCfg = Debug|Any CPU
		{F2D00A13-5555-484B-855E-F6FCB99C9C81}.Debug|Any CPU.Build.0 = Debug|Any CPU
		{F2D00A13-5555-484B-855E-F6FCB99C9C81}.Release|Any CPU.ActiveCfg = Release|Any CPU
		{F2D00A13-5555-484B-855E-F6FCB99C9C81}.Release|Any CPU.Build.0 = Release|Any CPU
		{2B4E3975-F769-4AD2-8E23-B2ABB447EED7}.Debug|Any CPU.ActiveCfg = Debug|Any CPU
		{2B4E3975-F769-4AD2-8E23-B2ABB447EED7}.Debug|Any CPU.Build.0 = Debug|Any CPU
		{2B4E3975-F769-4AD2-8E23-B2ABB447EED7}.Release|Any CPU.ActiveCfg = Release|Any CPU
		{2B4E3975-F769-4AD2-8E23-B2ABB447EED7}.Release|Any CPU.Build.0 = Release|Any CPU
		{70BDA7CB-6980-472C-A898-CC8995B009A4}.Debug|Any CPU.ActiveCfg = Debug|Any CPU
		{70BDA7CB-6980-472C-A898-CC8995B009A4}.Debug|Any CPU.Build.0 = Debug|Any CPU
		{70BDA7CB-6980-472C-A898-CC8995B009A4}.Release|Any CPU.ActiveCfg = Release|Any CPU
		{70BDA7CB-6980-472C-A898-CC8995B009A4}.Release|Any CPU.Build.0 = Release|Any CPU
		{AD909C34-82A2-4046-8363-1A898A5473B7}.Debug|Any CPU.ActiveCfg = Debug|Any CPU
		{AD909C34-82A2-4046-8363-1A898A5473B7}.Debug|Any CPU.Build.0 = Debug|Any CPU
		{AD909C34-82A2-4046-8363-1A898A5473B7}.Release|Any CPU.ActiveCfg = Release|Any CPU
		{AD909C34-82A2-4046-8363-1A898A5473B7}.Release|Any CPU.Build.0 = Release|Any CPU
	EndGlobalSection
	GlobalSection(SolutionProperties) = preSolution
		HideSolutionNode = FALSE
	EndGlobalSection
	GlobalSection(ExtensibilityGlobals) = postSolution
		SolutionGuid = {5492DE40-A194-4CFF-B681-FDF61D20BC67}
	EndGlobalSection
EndGlobal
